
Microsoft Visual Studio Solution File, Format Version 12.00
# Visual Studio Version 16
VisualStudioVersion = 16.0.29509.3
MinimumVisualStudioVersion = 10.0.40219.1
Project("{FAE04EC0-301F-11D3-BF4B-00C04F79EFBC}") = "ASP.NETCOREMANUAL", "ASP.NETCOREMANUAL\ASP.NETCOREMANUAL.csproj", "{224104CB-274B-4609-92CA-64D481D7E862}"
EndProject
Global
	GlobalSection(SolutionConfigurationPlatforms) = preSolution
		Debug|Any CPU = Debug|Any CPU
		Release|Any CPU = Release|Any CPU
	EndGlobalSection
	GlobalSection(ProjectConfigurationPlatforms) = postSolution
		{224104CB-274B-4609-92CA-64D481D7E862}.Debug|Any CPU.ActiveCfg = Debug|Any CPU
		{224104CB-274B-4609-92CA-64D481D7E862}.Debug|Any CPU.Build.0 = Debug|Any CPU
		{224104CB-274B-4609-92CA-64D481D7E862}.Release|Any CPU.ActiveCfg = Release|Any CPU
		{224104CB-274B-4609-92CA-64D481D7E862}.Release|Any CPU.Build.0 = Release|Any CPU
	EndGlobalSection
	GlobalSection(SolutionProperties) = preSolution
		HideSolutionNode = FALSE
	EndGlobalSection
	GlobalSection(ExtensibilityGlobals) = postSolution
		SolutionGuid = {7DA8922E-8E2F-4F46-814A-2D6243A7B1D2}
	EndGlobalSection
EndGlobal
